// !$*UTF8*$!
{
	archiveVersion = 1;
	classes = {
	};
	objectVersion = 50;
	objects = {

/* Begin PBXBuildFile section */
		B105394D2398195700E0529B /* TranslateService.swift in Sources */ = {isa = PBXBuildFile; fileRef = B105394C2398195700E0529B /* TranslateService.swift */; };
		B14B16CA23C232BF004A9E5A /* Rates.swift in Sources */ = {isa = PBXBuildFile; fileRef = B14B16C923C232BF004A9E5A /* Rates.swift */; };
		B14B16EA23C23607004A9E5A /* CurrencyServiceTestCase.swift in Sources */ = {isa = PBXBuildFile; fileRef = B14B16E923C23607004A9E5A /* CurrencyServiceTestCase.swift */; };
		B14B16EC23C2366F004A9E5A /* Symbols.json in Resources */ = {isa = PBXBuildFile; fileRef = B14B16EB23C2366F004A9E5A /* Symbols.json */; };
		B14B16EE23C236D9004A9E5A /* FakeResponseData.swift in Sources */ = {isa = PBXBuildFile; fileRef = B14B16ED23C236D9004A9E5A /* FakeResponseData.swift */; };
		B14B16F223C2421D004A9E5A /* URLSessionFake.swift in Sources */ = {isa = PBXBuildFile; fileRef = B14B16F123C2421D004A9E5A /* URLSessionFake.swift */; };
		B14B16F423C250D6004A9E5A /* Rates.json in Resources */ = {isa = PBXBuildFile; fileRef = B14B16F323C250D6004A9E5A /* Rates.json */; };
		B14B16F823C2516B004A9E5A /* Weather.json in Resources */ = {isa = PBXBuildFile; fileRef = B14B16F723C2516B004A9E5A /* Weather.json */; };
		B14B16FA23C2518B004A9E5A /* WeatherTestCase.swift in Sources */ = {isa = PBXBuildFile; fileRef = B14B16F923C2518B004A9E5A /* WeatherTestCase.swift */; };
		B14B16FC23C2537A004A9E5A /* TranslationTestCase.swift in Sources */ = {isa = PBXBuildFile; fileRef = B14B16FB23C2537A004A9E5A /* TranslationTestCase.swift */; };
		B14B16FF23C253A4004A9E5A /* Translation.json in Resources */ = {isa = PBXBuildFile; fileRef = B14B16FE23C253A4004A9E5A /* Translation.json */; };
		B152BCC9232A564E00CC9216 /* AppDelegate.swift in Sources */ = {isa = PBXBuildFile; fileRef = B152BCC8232A564E00CC9216 /* AppDelegate.swift */; };
		B152BCCE232A564E00CC9216 /* Main.storyboard in Resources */ = {isa = PBXBuildFile; fileRef = B152BCCC232A564E00CC9216 /* Main.storyboard */; };
		B152BCD0232A565000CC9216 /* Assets.xcassets in Resources */ = {isa = PBXBuildFile; fileRef = B152BCCF232A565000CC9216 /* Assets.xcassets */; };
		B152BCD3232A565000CC9216 /* LaunchScreen.storyboard in Resources */ = {isa = PBXBuildFile; fileRef = B152BCD1232A565000CC9216 /* LaunchScreen.storyboard */; };
		B152BCDB232A56D400CC9216 /* CurrenciesViewController.swift in Sources */ = {isa = PBXBuildFile; fileRef = B152BCDA232A56D400CC9216 /* CurrenciesViewController.swift */; };
		B152BCDD232A638A00CC9216 /* TranslationViewController.swift in Sources */ = {isa = PBXBuildFile; fileRef = B152BCDC232A638A00CC9216 /* TranslationViewController.swift */; };
		B152BCDF232A657500CC9216 /* CurrencyService.swift in Sources */ = {isa = PBXBuildFile; fileRef = B152BCDE232A657500CC9216 /* CurrencyService.swift */; };
		B1902EDF23327868000CA502 /* Symbols.swift in Sources */ = {isa = PBXBuildFile; fileRef = B1902EDE23327868000CA502 /* Symbols.swift */; };
		B199D910237C6DAC00702AE7 /* Weather.swift in Sources */ = {isa = PBXBuildFile; fileRef = B199D90F237C6DAC00702AE7 /* Weather.swift */; };
		B199D912237C6E0E00702AE7 /* WeatherService.swift in Sources */ = {isa = PBXBuildFile; fileRef = B199D911237C6E0E00702AE7 /* WeatherService.swift */; };
		B1D8CB7D2399B76700F01680 /* TranslateStruct.swift in Sources */ = {isa = PBXBuildFile; fileRef = B1D8CB7C2399B76700F01680 /* TranslateStruct.swift */; };
		B1F94994232FEAA0007F71D1 /* WeatherViewController.swift in Sources */ = {isa = PBXBuildFile; fileRef = B1F94993232FEAA0007F71D1 /* WeatherViewController.swift */; };
/* End PBXBuildFile section */

/* Begin PBXContainerItemProxy section */
		B14B16E223C235A8004A9E5A /* PBXContainerItemProxy */ = {
			isa = PBXContainerItemProxy;
			containerPortal = B152BCBD232A564E00CC9216 /* Project object */;
			proxyType = 1;
			remoteGlobalIDString = B152BCC4232A564E00CC9216;
			remoteInfo = LeBaluchon;
		};
/* End PBXContainerItemProxy section */

/* Begin PBXFileReference section */
		B105394C2398195700E0529B /* TranslateService.swift */ = {isa = PBXFileReference; lastKnownFileType = sourcecode.swift; path = TranslateService.swift; sourceTree = "<group>"; };
		B14B16C923C232BF004A9E5A /* Rates.swift */ = {isa = PBXFileReference; lastKnownFileType = sourcecode.swift; path = Rates.swift; sourceTree = "<group>"; };
		B14B16D123C23580004A9E5A /* LeBaluchonTestsProgram.swift */ = {isa = PBXFileReference; lastKnownFileType = sourcecode.swift; path = LeBaluchonTestsProgram.swift; sourceTree = "<group>"; };
		B14B16D323C23580004A9E5A /* Info.plist */ = {isa = PBXFileReference; lastKnownFileType = text.plist.xml; path = Info.plist; sourceTree = "<group>"; };
		B14B16DD23C235A8004A9E5A /* LeBaluchonTests.xctest */ = {isa = PBXFileReference; explicitFileType = wrapper.cfbundle; includeInIndex = 0; path = LeBaluchonTests.xctest; sourceTree = BUILT_PRODUCTS_DIR; };
		B14B16E123C235A8004A9E5A /* Info.plist */ = {isa = PBXFileReference; lastKnownFileType = text.plist.xml; path = Info.plist; sourceTree = "<group>"; };
		B14B16E923C23607004A9E5A /* CurrencyServiceTestCase.swift */ = {isa = PBXFileReference; lastKnownFileType = sourcecode.swift; path = CurrencyServiceTestCase.swift; sourceTree = "<group>"; };
		B14B16EB23C2366F004A9E5A /* Symbols.json */ = {isa = PBXFileReference; lastKnownFileType = text.json; path = Symbols.json; sourceTree = "<group>"; };
		B14B16ED23C236D9004A9E5A /* FakeResponseData.swift */ = {isa = PBXFileReference; lastKnownFileType = sourcecode.swift; path = FakeResponseData.swift; sourceTree = "<group>"; };
		B14B16F123C2421D004A9E5A /* URLSessionFake.swift */ = {isa = PBXFileReference; lastKnownFileType = sourcecode.swift; path = URLSessionFake.swift; sourceTree = "<group>"; };
		B14B16F323C250D6004A9E5A /* Rates.json */ = {isa = PBXFileReference; lastKnownFileType = text.json; path = Rates.json; sourceTree = "<group>"; };
		B14B16F723C2516B004A9E5A /* Weather.json */ = {isa = PBXFileReference; lastKnownFileType = text.json; path = Weather.json; sourceTree = "<group>"; };
		B14B16F923C2518B004A9E5A /* WeatherTestCase.swift */ = {isa = PBXFileReference; lastKnownFileType = sourcecode.swift; path = WeatherTestCase.swift; sourceTree = "<group>"; };
		B14B16FB23C2537A004A9E5A /* TranslationTestCase.swift */ = {isa = PBXFileReference; lastKnownFileType = sourcecode.swift; path = TranslationTestCase.swift; sourceTree = "<group>"; };
		B14B16FE23C253A4004A9E5A /* Translation.json */ = {isa = PBXFileReference; lastKnownFileType = text.json; path = Translation.json; sourceTree = "<group>"; };
		B152BCC5232A564E00CC9216 /* LeBaluchon.app */ = {isa = PBXFileReference; explicitFileType = wrapper.application; includeInIndex = 0; path = LeBaluchon.app; sourceTree = BUILT_PRODUCTS_DIR; };
		B152BCC8232A564E00CC9216 /* AppDelegate.swift */ = {isa = PBXFileReference; lastKnownFileType = sourcecode.swift; path = AppDelegate.swift; sourceTree = "<group>"; };
		B152BCCD232A564E00CC9216 /* Base */ = {isa = PBXFileReference; lastKnownFileType = file.storyboard; name = Base; path = Base.lproj/Main.storyboard; sourceTree = "<group>"; };
		B152BCCF232A565000CC9216 /* Assets.xcassets */ = {isa = PBXFileReference; lastKnownFileType = folder.assetcatalog; path = Assets.xcassets; sourceTree = "<group>"; };
		B152BCD2232A565000CC9216 /* Base */ = {isa = PBXFileReference; lastKnownFileType = file.storyboard; name = Base; path = Base.lproj/LaunchScreen.storyboard; sourceTree = "<group>"; };
		B152BCD4232A565000CC9216 /* Info.plist */ = {isa = PBXFileReference; lastKnownFileType = text.plist.xml; path = Info.plist; sourceTree = "<group>"; };
		B152BCDA232A56D400CC9216 /* CurrenciesViewController.swift */ = {isa = PBXFileReference; lastKnownFileType = sourcecode.swift; path = CurrenciesViewController.swift; sourceTree = "<group>"; };
		B152BCDC232A638A00CC9216 /* TranslationViewController.swift */ = {isa = PBXFileReference; lastKnownFileType = sourcecode.swift; path = TranslationViewController.swift; sourceTree = "<group>"; };
		B152BCDE232A657500CC9216 /* CurrencyService.swift */ = {isa = PBXFileReference; lastKnownFileType = sourcecode.swift; path = CurrencyService.swift; sourceTree = "<group>"; };
		B1902EDE23327868000CA502 /* Symbols.swift */ = {isa = PBXFileReference; lastKnownFileType = sourcecode.swift; path = Symbols.swift; sourceTree = "<group>"; };
		B199D90F237C6DAC00702AE7 /* Weather.swift */ = {isa = PBXFileReference; lastKnownFileType = sourcecode.swift; path = Weather.swift; sourceTree = "<group>"; };
		B199D911237C6E0E00702AE7 /* WeatherService.swift */ = {isa = PBXFileReference; lastKnownFileType = sourcecode.swift; path = WeatherService.swift; sourceTree = "<group>"; };
		B1D8CB7C2399B76700F01680 /* TranslateStruct.swift */ = {isa = PBXFileReference; lastKnownFileType = sourcecode.swift; path = TranslateStruct.swift; sourceTree = "<group>"; };
		B1F94993232FEAA0007F71D1 /* WeatherViewController.swift */ = {isa = PBXFileReference; lastKnownFileType = sourcecode.swift; path = WeatherViewController.swift; sourceTree = "<group>"; };
/* End PBXFileReference section */

/* Begin PBXFrameworksBuildPhase section */
		B14B16DA23C235A8004A9E5A /* Frameworks */ = {
			isa = PBXFrameworksBuildPhase;
			buildActionMask = 2147483647;
			files = (
			);
			runOnlyForDeploymentPostprocessing = 0;
		};
		B152BCC2232A564E00CC9216 /* Frameworks */ = {
			isa = PBXFrameworksBuildPhase;
			buildActionMask = 2147483647;
			files = (
			);
			runOnlyForDeploymentPostprocessing = 0;
		};
/* End PBXFrameworksBuildPhase section */

/* Begin PBXGroup section */
		B106258823A0290000A43683 /* Currencies */ = {
			isa = PBXGroup;
			children = (
				B152BCDE232A657500CC9216 /* CurrencyService.swift */,
				B1902EDE23327868000CA502 /* Symbols.swift */,
				B14B16C923C232BF004A9E5A /* Rates.swift */,
			);
			path = Currencies;
			sourceTree = "<group>";
		};
		B106258923A0291400A43683 /* Weather */ = {
			isa = PBXGroup;
			children = (
				B199D911237C6E0E00702AE7 /* WeatherService.swift */,
				B199D90F237C6DAC00702AE7 /* Weather.swift */,
			);
			path = Weather;
			sourceTree = "<group>";
		};
		B106258A23A02A3E00A43683 /* Translation */ = {
			isa = PBXGroup;
			children = (
				B105394C2398195700E0529B /* TranslateService.swift */,
				B1D8CB7C2399B76700F01680 /* TranslateStruct.swift */,
			);
			path = Translation;
			sourceTree = "<group>";
		};
		B14B16D023C23580004A9E5A /* LeBaluchonTestsProgram */ = {
			isa = PBXGroup;
			children = (
				B14B16D123C23580004A9E5A /* LeBaluchonTestsProgram.swift */,
				B14B16D323C23580004A9E5A /* Info.plist */,
			);
			path = LeBaluchonTestsProgram;
			sourceTree = "<group>";
		};
		B14B16DE23C235A8004A9E5A /* LeBaluchonTests */ = {
			isa = PBXGroup;
			children = (
				B14B16FD23C25389004A9E5A /* Translation */,
				B14B16F623C25155004A9E5A /* Weather */,
				B14B16F523C250DD004A9E5A /* Currencies */,
				B14B16E123C235A8004A9E5A /* Info.plist */,
				B14B16ED23C236D9004A9E5A /* FakeResponseData.swift */,
				B14B16F123C2421D004A9E5A /* URLSessionFake.swift */,
			);
			path = LeBaluchonTests;
			sourceTree = "<group>";
		};
		B14B16F523C250DD004A9E5A /* Currencies */ = {
			isa = PBXGroup;
			children = (
				B14B16E923C23607004A9E5A /* CurrencyServiceTestCase.swift */,
				B14B16EB23C2366F004A9E5A /* Symbols.json */,
				B14B16F323C250D6004A9E5A /* Rates.json */,
			);
			path = Currencies;
			sourceTree = "<group>";
		};
		B14B16F623C25155004A9E5A /* Weather */ = {
			isa = PBXGroup;
			children = (
				B14B16F923C2518B004A9E5A /* WeatherTestCase.swift */,
				B14B16F723C2516B004A9E5A /* Weather.json */,
			);
			path = Weather;
			sourceTree = "<group>";
		};
		B14B16FD23C25389004A9E5A /* Translation */ = {
			isa = PBXGroup;
			children = (
				B14B16FB23C2537A004A9E5A /* TranslationTestCase.swift */,
				B14B16FE23C253A4004A9E5A /* Translation.json */,
			);
			path = Translation;
			sourceTree = "<group>";
		};
		B152BCBC232A564E00CC9216 = {
			isa = PBXGroup;
			children = (
				B152BCC7232A564E00CC9216 /* LeBaluchon */,
				B14B16D023C23580004A9E5A /* LeBaluchonTestsProgram */,
				B14B16DE23C235A8004A9E5A /* LeBaluchonTests */,
				B152BCC6232A564E00CC9216 /* Products */,
			);
			sourceTree = "<group>";
		};
		B152BCC6232A564E00CC9216 /* Products */ = {
			isa = PBXGroup;
			children = (
				B152BCC5232A564E00CC9216 /* LeBaluchon.app */,
				B14B16DD23C235A8004A9E5A /* LeBaluchonTests.xctest */,
			);
			name = Products;
			sourceTree = "<group>";
		};
		B152BCC7232A564E00CC9216 /* LeBaluchon */ = {
			isa = PBXGroup;
			children = (
				B152BCE0232FE04F00CC9216 /* Model */,
				B152BCE1232FE05C00CC9216 /* View */,
				B152BCE2232FE06400CC9216 /* Controller */,
				B152BCE3232FE09E00CC9216 /* Supporting files */,
			);
			path = LeBaluchon;
			sourceTree = "<group>";
		};
		B152BCE0232FE04F00CC9216 /* Model */ = {
			isa = PBXGroup;
			children = (
				B106258A23A02A3E00A43683 /* Translation */,
				B106258923A0291400A43683 /* Weather */,
				B106258823A0290000A43683 /* Currencies */,
			);
			path = Model;
			sourceTree = "<group>";
		};
		B152BCE1232FE05C00CC9216 /* View */ = {
			isa = PBXGroup;
			children = (
				B152BCCC232A564E00CC9216 /* Main.storyboard */,
				B152BCD1232A565000CC9216 /* LaunchScreen.storyboard */,
			);
			path = View;
			sourceTree = "<group>";
		};
		B152BCE2232FE06400CC9216 /* Controller */ = {
			isa = PBXGroup;
			children = (
				B152BCDA232A56D400CC9216 /* CurrenciesViewController.swift */,
				B152BCDC232A638A00CC9216 /* TranslationViewController.swift */,
				B1F94993232FEAA0007F71D1 /* WeatherViewController.swift */,
			);
			path = Controller;
			sourceTree = "<group>";
		};
		B152BCE3232FE09E00CC9216 /* Supporting files */ = {
			isa = PBXGroup;
			children = (
				B152BCCF232A565000CC9216 /* Assets.xcassets */,
				B152BCC8232A564E00CC9216 /* AppDelegate.swift */,
				B152BCD4232A565000CC9216 /* Info.plist */,
			);
			path = "Supporting files";
			sourceTree = "<group>";
		};
/* End PBXGroup section */

/* Begin PBXNativeTarget section */
		B14B16DC23C235A8004A9E5A /* LeBaluchonTests */ = {
			isa = PBXNativeTarget;
			buildConfigurationList = B14B16E423C235A8004A9E5A /* Build configuration list for PBXNativeTarget "LeBaluchonTests" */;
			buildPhases = (
				B14B16D923C235A8004A9E5A /* Sources */,
				B14B16DA23C235A8004A9E5A /* Frameworks */,
				B14B16DB23C235A8004A9E5A /* Resources */,
			);
			buildRules = (
			);
			dependencies = (
				B14B16E323C235A8004A9E5A /* PBXTargetDependency */,
			);
			name = LeBaluchonTests;
			productName = LeBaluchonTests;
			productReference = B14B16DD23C235A8004A9E5A /* LeBaluchonTests.xctest */;
			productType = "com.apple.product-type.bundle.unit-test";
		};
		B152BCC4232A564E00CC9216 /* LeBaluchon */ = {
			isa = PBXNativeTarget;
			buildConfigurationList = B152BCD7232A565000CC9216 /* Build configuration list for PBXNativeTarget "LeBaluchon" */;
			buildPhases = (
				B152BCC1232A564E00CC9216 /* Sources */,
				B152BCC2232A564E00CC9216 /* Frameworks */,
				B152BCC3232A564E00CC9216 /* Resources */,
			);
			buildRules = (
			);
			dependencies = (
			);
			name = LeBaluchon;
			productName = LeBaluchon;
			productReference = B152BCC5232A564E00CC9216 /* LeBaluchon.app */;
			productType = "com.apple.product-type.application";
		};
/* End PBXNativeTarget section */

/* Begin PBXProject section */
		B152BCBD232A564E00CC9216 /* Project object */ = {
			isa = PBXProject;
			attributes = {
				LastSwiftUpdateCheck = 1020;
				LastUpgradeCheck = 1020;
				ORGANIZATIONNAME = "sayajin papuru";
				TargetAttributes = {
					B14B16DC23C235A8004A9E5A = {
						CreatedOnToolsVersion = 10.2;
						LastSwiftMigration = 1020;
						TestTargetID = B152BCC4232A564E00CC9216;
					};
					B152BCC4232A564E00CC9216 = {
						CreatedOnToolsVersion = 10.2;
					};
				};
			};
			buildConfigurationList = B152BCC0232A564E00CC9216 /* Build configuration list for PBXProject "LeBaluchon" */;
			compatibilityVersion = "Xcode 9.3";
			developmentRegion = en;
			hasScannedForEncodings = 0;
			knownRegions = (
				en,
				Base,
			);
			mainGroup = B152BCBC232A564E00CC9216;
			productRefGroup = B152BCC6232A564E00CC9216 /* Products */;
			projectDirPath = "";
			projectRoot = "";
			targets = (
				B152BCC4232A564E00CC9216 /* LeBaluchon */,
				B14B16DC23C235A8004A9E5A /* LeBaluchonTests */,
			);
		};
/* End PBXProject section */

/* Begin PBXResourcesBuildPhase section */
		B14B16DB23C235A8004A9E5A /* Resources */ = {
			isa = PBXResourcesBuildPhase;
			buildActionMask = 2147483647;
			files = (
				B14B16EC23C2366F004A9E5A /* Symbols.json in Resources */,
				B14B16F823C2516B004A9E5A /* Weather.json in Resources */,
				B14B16F423C250D6004A9E5A /* Rates.json in Resources */,
				B14B16FF23C253A4004A9E5A /* Translation.json in Resources */,
			);
			runOnlyForDeploymentPostprocessing = 0;
		};
		B152BCC3232A564E00CC9216 /* Resources */ = {
			isa = PBXResourcesBuildPhase;
			buildActionMask = 2147483647;
			files = (
				B152BCD3232A565000CC9216 /* LaunchScreen.storyboard in Resources */,
				B152BCD0232A565000CC9216 /* Assets.xcassets in Resources */,
				B152BCCE232A564E00CC9216 /* Main.storyboard in Resources */,
			);
			runOnlyForDeploymentPostprocessing = 0;
		};
/* End PBXResourcesBuildPhase section */

/* Begin PBXSourcesBuildPhase section */
		B14B16D923C235A8004A9E5A /* Sources */ = {
			isa = PBXSourcesBuildPhase;
			buildActionMask = 2147483647;
			files = (
				B14B16FA23C2518B004A9E5A /* WeatherTestCase.swift in Sources */,
				B14B16FC23C2537A004A9E5A /* TranslationTestCase.swift in Sources */,
				B14B16EA23C23607004A9E5A /* CurrencyServiceTestCase.swift in Sources */,
				B14B16F223C2421D004A9E5A /* URLSessionFake.swift in Sources */,
				B14B16EE23C236D9004A9E5A /* FakeResponseData.swift in Sources */,
			);
			runOnlyForDeploymentPostprocessing = 0;
		};
		B152BCC1232A564E00CC9216 /* Sources */ = {
			isa = PBXSourcesBuildPhase;
			buildActionMask = 2147483647;
			files = (
				B105394D2398195700E0529B /* TranslateService.swift in Sources */,
				B199D912237C6E0E00702AE7 /* WeatherService.swift in Sources */,
				B152BCC9232A564E00CC9216 /* AppDelegate.swift in Sources */,
				B1F94994232FEAA0007F71D1 /* WeatherViewController.swift in Sources */,
				B1902EDF23327868000CA502 /* Symbols.swift in Sources */,
				B152BCDB232A56D400CC9216 /* CurrenciesViewController.swift in Sources */,
				B199D910237C6DAC00702AE7 /* Weather.swift in Sources */,
				B152BCDD232A638A00CC9216 /* TranslationViewController.swift in Sources */,
				B152BCDF232A657500CC9216 /* CurrencyService.swift in Sources */,
				B14B16CA23C232BF004A9E5A /* Rates.swift in Sources */,
				B1D8CB7D2399B76700F01680 /* TranslateStruct.swift in Sources */,
			);
			runOnlyForDeploymentPostprocessing = 0;
		};
/* End PBXSourcesBuildPhase section */

/* Begin PBXTargetDependency section */
		B14B16E323C235A8004A9E5A /* PBXTargetDependency */ = {
			isa = PBXTargetDependency;
			target = B152BCC4232A564E00CC9216 /* LeBaluchon */;
			targetProxy = B14B16E223C235A8004A9E5A /* PBXContainerItemProxy */;
		};
/* End PBXTargetDependency section */

/* Begin PBXVariantGroup section */
		B152BCCC232A564E00CC9216 /* Main.storyboard */ = {
			isa = PBXVariantGroup;
			children = (
				B152BCCD232A564E00CC9216 /* Base */,
			);
			name = Main.storyboard;
			sourceTree = "<group>";
		};
		B152BCD1232A565000CC9216 /* LaunchScreen.storyboard */ = {
			isa = PBXVariantGroup;
			children = (
				B152BCD2232A565000CC9216 /* Base */,
			);
			name = LaunchScreen.storyboard;
			sourceTree = "<group>";
		};
/* End PBXVariantGroup section */

/* Begin XCBuildConfiguration section */
		B14B16E523C235A8004A9E5A /* Debug */ = {
			isa = XCBuildConfiguration;
			buildSettings = {
				BUNDLE_LOADER = "$(TEST_HOST)";
				CLANG_ENABLE_MODULES = YES;
				CODE_SIGN_STYLE = Automatic;
				DEVELOPMENT_TEAM = 6ST64UKQV4;
				INFOPLIST_FILE = LeBaluchonTests/Info.plist;
				LD_RUNPATH_SEARCH_PATHS = (
					"$(inherited)",
					"@executable_path/Frameworks",
					"@loader_path/Frameworks",
				);
				PRODUCT_BUNDLE_IDENTIFIER = com.SayajinPapuru.LeBaluchonTests;
				PRODUCT_NAME = "$(TARGET_NAME)";
				SWIFT_OPTIMIZATION_LEVEL = "-Onone";
				SWIFT_VERSION = 5.0;
				TARGETED_DEVICE_FAMILY = "1,2";
				TEST_HOST = "$(BUILT_PRODUCTS_DIR)/LeBaluchon.app/LeBaluchon";
			};
			name = Debug;
		};
		B14B16E623C235A8004A9E5A /* Release */ = {
			isa = XCBuildConfiguration;
			buildSettings = {
				BUNDLE_LOADER = "$(TEST_HOST)";
				CLANG_ENABLE_MODULES = YES;
				CODE_SIGN_STYLE = Automatic;
				DEVELOPMENT_TEAM = 6ST64UKQV4;
				INFOPLIST_FILE = LeBaluchonTests/Info.plist;
				LD_RUNPATH_SEARCH_PATHS = (
					"$(inherited)",
					"@executable_path/Frameworks",
					"@loader_path/Frameworks",
				);
				PRODUCT_BUNDLE_IDENTIFIER = com.SayajinPapuru.LeBaluchonTests;
				PRODUCT_NAME = "$(TARGET_NAME)";
				SWIFT_VERSION = 5.0;
				TARGETED_DEVICE_FAMILY = "1,2";
				TEST_HOST = "$(BUILT_PRODUCTS_DIR)/LeBaluchon.app/LeBaluchon";
			};
			name = Release;
		};
		B152BCD5232A565000CC9216 /* Debug */ = {
			isa = XCBuildConfiguration;
			buildSettings = {
				ALWAYS_SEARCH_USER_PATHS = NO;
				CLANG_ANALYZER_NONNULL = YES;
				CLANG_ANALYZER_NUMBER_OBJECT_CONVERSION = YES_AGGRESSIVE;
				CLANG_CXX_LANGUAGE_STANDARD = "gnu++14";
				CLANG_CXX_LIBRARY = "libc++";
				CLANG_ENABLE_MODULES = YES;
				CLANG_ENABLE_OBJC_ARC = YES;
				CLANG_ENABLE_OBJC_WEAK = YES;
				CLANG_WARN_BLOCK_CAPTURE_AUTORELEASING = YES;
				CLANG_WARN_BOOL_CONVERSION = YES;
				CLANG_WARN_COMMA = YES;
				CLANG_WARN_CONSTANT_CONVERSION = YES;
				CLANG_WARN_DEPRECATED_OBJC_IMPLEMENTATIONS = YES;
				CLANG_WARN_DIRECT_OBJC_ISA_USAGE = YES_ERROR;
				CLANG_WARN_DOCUMENTATION_COMMENTS = YES;
				CLANG_WARN_EMPTY_BODY = YES;
				CLANG_WARN_ENUM_CONVERSION = YES;
				CLANG_WARN_INFINITE_RECURSION = YES;
				CLANG_WARN_INT_CONVERSION = YES;
				CLANG_WARN_NON_LITERAL_NULL_CONVERSION = YES;
				CLANG_WARN_OBJC_IMPLICIT_RETAIN_SELF = YES;
				CLANG_WARN_OBJC_LITERAL_CONVERSION = YES;
				CLANG_WARN_OBJC_ROOT_CLASS = YES_ERROR;
				CLANG_WARN_RANGE_LOOP_ANALYSIS = YES;
				CLANG_WARN_STRICT_PROTOTYPES = YES;
				CLANG_WARN_SUSPICIOUS_MOVE = YES;
				CLANG_WARN_UNGUARDED_AVAILABILITY = YES_AGGRESSIVE;
				CLANG_WARN_UNREACHABLE_CODE = YES;
				CLANG_WARN__DUPLICATE_METHOD_MATCH = YES;
				CODE_SIGN_IDENTITY = "iPhone Developer";
				COPY_PHASE_STRIP = NO;
				DEBUG_INFORMATION_FORMAT = dwarf;
				ENABLE_STRICT_OBJC_MSGSEND = YES;
				ENABLE_TESTABILITY = YES;
				GCC_C_LANGUAGE_STANDARD = gnu11;
				GCC_DYNAMIC_NO_PIC = NO;
				GCC_NO_COMMON_BLOCKS = YES;
				GCC_OPTIMIZATION_LEVEL = 0;
				GCC_PREPROCESSOR_DEFINITIONS = (
					"DEBUG=1",
					"$(inherited)",
				);
				GCC_WARN_64_TO_32_BIT_CONVERSION = YES;
				GCC_WARN_ABOUT_RETURN_TYPE = YES_ERROR;
				GCC_WARN_UNDECLARED_SELECTOR = YES;
				GCC_WARN_UNINITIALIZED_AUTOS = YES_AGGRESSIVE;
				GCC_WARN_UNUSED_FUNCTION = YES;
				GCC_WARN_UNUSED_VARIABLE = YES;
				IPHONEOS_DEPLOYMENT_TARGET = 12.2;
				MTL_ENABLE_DEBUG_INFO = INCLUDE_SOURCE;
				MTL_FAST_MATH = YES;
				ONLY_ACTIVE_ARCH = YES;
				SDKROOT = iphoneos;
				SWIFT_ACTIVE_COMPILATION_CONDITIONS = DEBUG;
				SWIFT_OPTIMIZATION_LEVEL = "-Onone";
			};
			name = Debug;
		};
		B152BCD6232A565000CC9216 /* Release */ = {
			isa = XCBuildConfiguration;
			buildSettings = {
				ALWAYS_SEARCH_USER_PATHS = NO;
				CLANG_ANALYZER_NONNULL = YES;
				CLANG_ANALYZER_NUMBER_OBJECT_CONVERSION = YES_AGGRESSIVE;
				CLANG_CXX_LANGUAGE_STANDARD = "gnu++14";
				CLANG_CXX_LIBRARY = "libc++";
				CLANG_ENABLE_MODULES = YES;
				CLANG_ENABLE_OBJC_ARC = YES;
				CLANG_ENABLE_OBJC_WEAK = YES;
				CLANG_WARN_BLOCK_CAPTURE_AUTORELEASING = YES;
				CLANG_WARN_BOOL_CONVERSION = YES;
				CLANG_WARN_COMMA = YES;
				CLANG_WARN_CONSTANT_CONVERSION = YES;
				CLANG_WARN_DEPRECATED_OBJC_IMPLEMENTATIONS = YES;
				CLANG_WARN_DIRECT_OBJC_ISA_USAGE = YES_ERROR;
				CLANG_WARN_DOCUMENTATION_COMMENTS = YES;
				CLANG_WARN_EMPTY_BODY = YES;
				CLANG_WARN_ENUM_CONVERSION = YES;
				CLANG_WARN_INFINITE_RECURSION = YES;
				CLANG_WARN_INT_CONVERSION = YES;
				CLANG_WARN_NON_LITERAL_NULL_CONVERSION = YES;
				CLANG_WARN_OBJC_IMPLICIT_RETAIN_SELF = YES;
				CLANG_WARN_OBJC_LITERAL_CONVERSION = YES;
				CLANG_WARN_OBJC_ROOT_CLASS = YES_ERROR;
				CLANG_WARN_RANGE_LOOP_ANALYSIS = YES;
				CLANG_WARN_STRICT_PROTOTYPES = YES;
				CLANG_WARN_SUSPICIOUS_MOVE = YES;
				CLANG_WARN_UNGUARDED_AVAILABILITY = YES_AGGRESSIVE;
				CLANG_WARN_UNREACHABLE_CODE = YES;
				CLANG_WARN__DUPLICATE_METHOD_MATCH = YES;
				CODE_SIGN_IDENTITY = "iPhone Developer";
				COPY_PHASE_STRIP = NO;
				DEBUG_INFORMATION_FORMAT = "dwarf-with-dsym";
				ENABLE_NS_ASSERTIONS = NO;
				ENABLE_STRICT_OBJC_MSGSEND = YES;
				GCC_C_LANGUAGE_STANDARD = gnu11;
				GCC_NO_COMMON_BLOCKS = YES;
				GCC_WARN_64_TO_32_BIT_CONVERSION = YES;
				GCC_WARN_ABOUT_RETURN_TYPE = YES_ERROR;
				GCC_WARN_UNDECLARED_SELECTOR = YES;
				GCC_WARN_UNINITIALIZED_AUTOS = YES_AGGRESSIVE;
				GCC_WARN_UNUSED_FUNCTION = YES;
				GCC_WARN_UNUSED_VARIABLE = YES;
				IPHONEOS_DEPLOYMENT_TARGET = 12.2;
				MTL_ENABLE_DEBUG_INFO = NO;
				MTL_FAST_MATH = YES;
				SDKROOT = iphoneos;
				SWIFT_COMPILATION_MODE = wholemodule;
				SWIFT_OPTIMIZATION_LEVEL = "-O";
				VALIDATE_PRODUCT = YES;
			};
			name = Release;
		};
		B152BCD8232A565000CC9216 /* Debug */ = {
			isa = XCBuildConfiguration;
			buildSettings = {
				ASSETCATALOG_COMPILER_APPICON_NAME = AppIcon;
				CODE_SIGN_STYLE = Automatic;
				DEVELOPMENT_TEAM = 6ST64UKQV4;
				INFOPLIST_FILE = "$(SRCROOT)/LeBaluchon/Supporting files/Info.plist";
				LD_RUNPATH_SEARCH_PATHS = (
					"$(inherited)",
					"@executable_path/Frameworks",
				);
				PRODUCT_BUNDLE_IDENTIFIER = com.SayajinPapuru.LeBaluchon;
				PRODUCT_NAME = "$(TARGET_NAME)";
				SWIFT_VERSION = 5.0;
				TARGETED_DEVICE_FAMILY = "1,2";
			};
			name = Debug;
		};
		B152BCD9232A565000CC9216 /* Release */ = {
			isa = XCBuildConfiguration;
			buildSettings = {
				ASSETCATALOG_COMPILER_APPICON_NAME = AppIcon;
				CODE_SIGN_STYLE = Automatic;
				DEVELOPMENT_TEAM = 6ST64UKQV4;
				INFOPLIST_FILE = "$(SRCROOT)/LeBaluchon/Supporting files/Info.plist";
				LD_RUNPATH_SEARCH_PATHS = (
					"$(inherited)",
					"@executable_path/Frameworks",
				);
				PRODUCT_BUNDLE_IDENTIFIER = com.SayajinPapuru.LeBaluchon;
				PRODUCT_NAME = "$(TARGET_NAME)";
				SWIFT_VERSION = 5.0;
				TARGETED_DEVICE_FAMILY = "1,2";
			};
			name = Release;
		};
/* End XCBuildConfiguration section */

/* Begin XCConfigurationList section */
		B14B16E423C235A8004A9E5A /* Build configuration list for PBXNativeTarget "LeBaluchonTests" */ = {
			isa = XCConfigurationList;
			buildConfigurations = (
				B14B16E523C235A8004A9E5A /* Debug */,
				B14B16E623C235A8004A9E5A /* Release */,
			);
			defaultConfigurationIsVisible = 0;
			defaultConfigurationName = Release;
		};
		B152BCC0232A564E00CC9216 /* Build configuration list for PBXProject "LeBaluchon" */ = {
			isa = XCConfigurationList;
			buildConfigurations = (
				B152BCD5232A565000CC9216 /* Debug */,
				B152BCD6232A565000CC9216 /* Release */,
			);
			defaultConfigurationIsVisible = 0;
			defaultConfigurationName = Release;
		};
		B152BCD7232A565000CC9216 /* Build configuration list for PBXNativeTarget "LeBaluchon" */ = {
			isa = XCConfigurationList;
			buildConfigurations = (
				B152BCD8232A565000CC9216 /* Debug */,
				B152BCD9232A565000CC9216 /* Release */,
			);
			defaultConfigurationIsVisible = 0;
			defaultConfigurationName = Release;
		};
/* End XCConfigurationList section */
	};
	rootObject = B152BCBD232A564E00CC9216 /* Project object */;
}
